
Microsoft Visual Studio Solution File, Format Version 12.00
# Visual Studio Version 17
VisualStudioVersion = 17.7.34202.233
MinimumVisualStudioVersion = 10.0.40219.1
Project("{FAE04EC0-301F-11D3-BF4B-00C04F79EFBC}") = "SustainACityMAUI", "SustainACityMAUI\SustainACityMAUI.csproj", "{47E14738-1F63-47B9-81DB-45AD2D06BBF1}"
EndProject
Global
	GlobalSection(SolutionConfigurationPlatforms) = preSolution
		Debug|Any CPU = Debug|Any CPU
		Release|Any CPU = Release|Any CPU
	EndGlobalSection
	GlobalSection(ProjectConfigurationPlatforms) = postSolution
		{47E14738-1F63-47B9-81DB-45AD2D06BBF1}.Debug|Any CPU.ActiveCfg = Debug|Any CPU
		{47E14738-1F63-47B9-81DB-45AD2D06BBF1}.Debug|Any CPU.Build.0 = Debug|Any CPU
		{47E14738-1F63-47B9-81DB-45AD2D06BBF1}.Debug|Any CPU.Deploy.0 = Debug|Any CPU
		{47E14738-1F63-47B9-81DB-45AD2D06BBF1}.Release|Any CPU.ActiveCfg = Release|Any CPU
		{47E14738-1F63-47B9-81DB-45AD2D06BBF1}.Release|Any CPU.Build.0 = Release|Any CPU
		{47E14738-1F63-47B9-81DB-45AD2D06BBF1}.Release|Any CPU.Deploy.0 = Release|Any CPU
	EndGlobalSection
	GlobalSection(SolutionProperties) = preSolution
		HideSolutionNode = FALSE
	EndGlobalSection
	GlobalSection(ExtensibilityGlobals) = postSolution
		SolutionGuid = {7868B6AF-8446-4A5B-8E9D-3462C17BA53C}
	EndGlobalSection
EndGlobal
